// !$*UTF8*$!
{
	archiveVersion = 1;
	classes = {
	};
	objectVersion = 56;
	objects = {

/* Begin PBXBuildFile section */
		2BEB3BDD2A736E5D006D0E27 /* LandmarksApp.swift in Sources */ = {isa = PBXBuildFile; fileRef = 2BEB3BDC2A736E5D006D0E27 /* LandmarksApp.swift */; };
		2BEB3BDF2A736E5D006D0E27 /* ContentView.swift in Sources */ = {isa = PBXBuildFile; fileRef = 2BEB3BDE2A736E5D006D0E27 /* ContentView.swift */; };
		2BEB3BE12A736E5E006D0E27 /* Assets.xcassets in Resources */ = {isa = PBXBuildFile; fileRef = 2BEB3BE02A736E5E006D0E27 /* Assets.xcassets */; };
		2BEB3BE42A736E5E006D0E27 /* Preview Assets.xcassets in Resources */ = {isa = PBXBuildFile; fileRef = 2BEB3BE32A736E5E006D0E27 /* Preview Assets.xcassets */; };
		2BEB3BEB2A752835006D0E27 /* CircleImage.swift in Sources */ = {isa = PBXBuildFile; fileRef = 2BEB3BEA2A752835006D0E27 /* CircleImage.swift */; };
		2BEB3BED2A754C4D006D0E27 /* MapView.swift in Sources */ = {isa = PBXBuildFile; fileRef = 2BEB3BEC2A754C4D006D0E27 /* MapView.swift */; };
		2BEB3BEF2A7718B4006D0E27 /* landmarkData.json in Resources */ = {isa = PBXBuildFile; fileRef = 2BEB3BEE2A7718B4006D0E27 /* landmarkData.json */; };
		2BEB3BF12A7718F1006D0E27 /* Landmark.swift in Sources */ = {isa = PBXBuildFile; fileRef = 2BEB3BF02A7718F1006D0E27 /* Landmark.swift */; };
		2BEB3BF32A771A61006D0E27 /* ModelData.swift in Sources */ = {isa = PBXBuildFile; fileRef = 2BEB3BF22A771A61006D0E27 /* ModelData.swift */; };
		2BEB3BF82A775570006D0E27 /* LandmarkRow.swift in Sources */ = {isa = PBXBuildFile; fileRef = 2BEB3BF72A775570006D0E27 /* LandmarkRow.swift */; };
		2BEB3BFA2A782BFD006D0E27 /* LandmarkList.swift in Sources */ = {isa = PBXBuildFile; fileRef = 2BEB3BF92A782BFD006D0E27 /* LandmarkList.swift */; };
		2BEB3BFC2A782F87006D0E27 /* LandmarkDetail.swift in Sources */ = {isa = PBXBuildFile; fileRef = 2BEB3BFB2A782F87006D0E27 /* LandmarkDetail.swift */; };
		2BEB3BFE2A798681006D0E27 /* FavoriteButton.swift in Sources */ = {isa = PBXBuildFile; fileRef = 2BEB3BFD2A798681006D0E27 /* FavoriteButton.swift */; };
		2BEB3C022A798A83006D0E27 /* HexagonParameters.swift in Sources */ = {isa = PBXBuildFile; fileRef = 2BEB3C012A798A83006D0E27 /* HexagonParameters.swift */; };
		2BEB3C042A798D53006D0E27 /* BadgeBackground.swift in Sources */ = {isa = PBXBuildFile; fileRef = 2BEB3C032A798D53006D0E27 /* BadgeBackground.swift */; };
		2BEB3C062A79CFD3006D0E27 /* BadgeSymbol.swift in Sources */ = {isa = PBXBuildFile; fileRef = 2BEB3C052A79CFD3006D0E27 /* BadgeSymbol.swift */; };
		2BEB3C082A79D2DB006D0E27 /* RotatedBadgeSymbol.swift in Sources */ = {isa = PBXBuildFile; fileRef = 2BEB3C072A79D2DB006D0E27 /* RotatedBadgeSymbol.swift */; };
/* End PBXBuildFile section */

/* Begin PBXFileReference section */
		2BEB3BD92A736E5D006D0E27 /* Landmarks.app */ = {isa = PBXFileReference; explicitFileType = wrapper.application; includeInIndex = 0; path = Landmarks.app; sourceTree = BUILT_PRODUCTS_DIR; };
		2BEB3BDC2A736E5D006D0E27 /* LandmarksApp.swift */ = {isa = PBXFileReference; lastKnownFileType = sourcecode.swift; path = LandmarksApp.swift; sourceTree = "<group>"; };
		2BEB3BDE2A736E5D006D0E27 /* ContentView.swift */ = {isa = PBXFileReference; lastKnownFileType = sourcecode.swift; path = ContentView.swift; sourceTree = "<group>"; };
		2BEB3BE02A736E5E006D0E27 /* Assets.xcassets */ = {isa = PBXFileReference; lastKnownFileType = folder.assetcatalog; path = Assets.xcassets; sourceTree = "<group>"; };
		2BEB3BE32A736E5E006D0E27 /* Preview Assets.xcassets */ = {isa = PBXFileReference; lastKnownFileType = folder.assetcatalog; path = "Preview Assets.xcassets"; sourceTree = "<group>"; };
		2BEB3BEA2A752835006D0E27 /* CircleImage.swift */ = {isa = PBXFileReference; lastKnownFileType = sourcecode.swift; path = CircleImage.swift; sourceTree = "<group>"; };
		2BEB3BEC2A754C4D006D0E27 /* MapView.swift */ = {isa = PBXFileReference; lastKnownFileType = sourcecode.swift; path = MapView.swift; sourceTree = "<group>"; };
		2BEB3BEE2A7718B4006D0E27 /* landmarkData.json */ = {isa = PBXFileReference; fileEncoding = 4; lastKnownFileType = text.json; name = landmarkData.json; path = Landmarks/Resources/landmarkData.json; sourceTree = SOURCE_ROOT; };
		2BEB3BF02A7718F1006D0E27 /* Landmark.swift */ = {isa = PBXFileReference; lastKnownFileType = sourcecode.swift; path = Landmark.swift; sourceTree = "<group>"; };
		2BEB3BF22A771A61006D0E27 /* ModelData.swift */ = {isa = PBXFileReference; lastKnownFileType = sourcecode.swift; path = ModelData.swift; sourceTree = "<group>"; };
		2BEB3BF72A775570006D0E27 /* LandmarkRow.swift */ = {isa = PBXFileReference; lastKnownFileType = sourcecode.swift; path = LandmarkRow.swift; sourceTree = "<group>"; };
		2BEB3BF92A782BFD006D0E27 /* LandmarkList.swift */ = {isa = PBXFileReference; lastKnownFileType = sourcecode.swift; path = LandmarkList.swift; sourceTree = "<group>"; };
		2BEB3BFB2A782F87006D0E27 /* LandmarkDetail.swift */ = {isa = PBXFileReference; lastKnownFileType = sourcecode.swift; path = LandmarkDetail.swift; sourceTree = "<group>"; };
		2BEB3BFD2A798681006D0E27 /* FavoriteButton.swift */ = {isa = PBXFileReference; lastKnownFileType = sourcecode.swift; path = FavoriteButton.swift; sourceTree = "<group>"; };
		2BEB3C012A798A83006D0E27 /* HexagonParameters.swift */ = {isa = PBXFileReference; lastKnownFileType = sourcecode.swift; path = HexagonParameters.swift; sourceTree = "<group>"; };
		2BEB3C032A798D53006D0E27 /* BadgeBackground.swift */ = {isa = PBXFileReference; lastKnownFileType = sourcecode.swift; path = BadgeBackground.swift; sourceTree = "<group>"; };
		2BEB3C052A79CFD3006D0E27 /* BadgeSymbol.swift */ = {isa = PBXFileReference; lastKnownFileType = sourcecode.swift; path = BadgeSymbol.swift; sourceTree = "<group>"; };
		2BEB3C072A79D2DB006D0E27 /* RotatedBadgeSymbol.swift */ = {isa = PBXFileReference; lastKnownFileType = sourcecode.swift; path = RotatedBadgeSymbol.swift; sourceTree = "<group>"; };
/* End PBXFileReference section */

/* Begin PBXFrameworksBuildPhase section */
		2BEB3BD62A736E5D006D0E27 /* Frameworks */ = {
			isa = PBXFrameworksBuildPhase;
			buildActionMask = 2147483647;
			files = (
			);
			runOnlyForDeploymentPostprocessing = 0;
		};
/* End PBXFrameworksBuildPhase section */

/* Begin PBXGroup section */
		2BEB3BD02A736E5D006D0E27 = {
			isa = PBXGroup;
			children = (
				2BEB3BDB2A736E5D006D0E27 /* Landmarks */,
				2BEB3BDA2A736E5D006D0E27 /* Products */,
			);
			sourceTree = "<group>";
		};
		2BEB3BDA2A736E5D006D0E27 /* Products */ = {
			isa = PBXGroup;
			children = (
				2BEB3BD92A736E5D006D0E27 /* Landmarks.app */,
			);
			name = Products;
			sourceTree = "<group>";
		};
		2BEB3BDB2A736E5D006D0E27 /* Landmarks */ = {
			isa = PBXGroup;
			children = (
				2BEB3BDC2A736E5D006D0E27 /* LandmarksApp.swift */,
				2BEB3BF42A7754DC006D0E27 /* Views */,
				2BEB3BF52A7754E6006D0E27 /* Model */,
				2BEB3BF62A7754EF006D0E27 /* Resources */,
				2BEB3BE02A736E5E006D0E27 /* Assets.xcassets */,
				2BEB3BE22A736E5E006D0E27 /* Preview Content */,
			);
			path = Landmarks;
			sourceTree = "<group>";
		};
		2BEB3BE22A736E5E006D0E27 /* Preview Content */ = {
			isa = PBXGroup;
			children = (
				2BEB3BE32A736E5E006D0E27 /* Preview Assets.xcassets */,
			);
			path = "Preview Content";
			sourceTree = "<group>";
		};
		2BEB3BF42A7754DC006D0E27 /* Views */ = {
			isa = PBXGroup;
			children = (
				2BEB3BDE2A736E5D006D0E27 /* ContentView.swift */,
				2BEB3BFF2A79874C006D0E27 /* Landmarks */,
				2BEB3C002A798758006D0E27 /* Helpers */,
			);
			path = Views;
			sourceTree = "<group>";
		};
		2BEB3BF52A7754E6006D0E27 /* Model */ = {
			isa = PBXGroup;
			children = (
				2BEB3BF02A7718F1006D0E27 /* Landmark.swift */,
				2BEB3BF22A771A61006D0E27 /* ModelData.swift */,
			);
			path = Model;
			sourceTree = "<group>";
		};
		2BEB3BF62A7754EF006D0E27 /* Resources */ = {
			isa = PBXGroup;
			children = (
				2BEB3BEE2A7718B4006D0E27 /* landmarkData.json */,
			);
			path = Resources;
			sourceTree = "<group>";
		};
		2BEB3BFF2A79874C006D0E27 /* Landmarks */ = {
			isa = PBXGroup;
			children = (
				2BEB3BF72A775570006D0E27 /* LandmarkRow.swift */,
				2BEB3BF92A782BFD006D0E27 /* LandmarkList.swift */,
				2BEB3BFB2A782F87006D0E27 /* LandmarkDetail.swift */,
				2BEB3C012A798A83006D0E27 /* HexagonParameters.swift */,
				2BEB3C032A798D53006D0E27 /* BadgeBackground.swift */,
				2BEB3C052A79CFD3006D0E27 /* BadgeSymbol.swift */,
				2BEB3C072A79D2DB006D0E27 /* RotatedBadgeSymbol.swift */,
			);
			path = Landmarks;
			sourceTree = "<group>";
		};
		2BEB3C002A798758006D0E27 /* Helpers */ = {
			isa = PBXGroup;
			children = (
				2BEB3BEA2A752835006D0E27 /* CircleImage.swift */,
				2BEB3BEC2A754C4D006D0E27 /* MapView.swift */,
				2BEB3BFD2A798681006D0E27 /* FavoriteButton.swift */,
			);
			path = Helpers;
			sourceTree = "<group>";
		};
/* End PBXGroup section */

/* Begin PBXNativeTarget section */
		2BEB3BD82A736E5D006D0E27 /* Landmarks */ = {
			isa = PBXNativeTarget;
			buildConfigurationList = 2BEB3BE72A736E5E006D0E27 /* Build configuration list for PBXNativeTarget "Landmarks" */;
			buildPhases = (
				2BEB3BD52A736E5D006D0E27 /* Sources */,
				2BEB3BD62A736E5D006D0E27 /* Frameworks */,
				2BEB3BD72A736E5D006D0E27 /* Resources */,
			);
			buildRules = (
			);
			dependencies = (
			);
			name = Landmarks;
			productName = Landmarks;
			productReference = 2BEB3BD92A736E5D006D0E27 /* Landmarks.app */;
			productType = "com.apple.product-type.application";
		};
/* End PBXNativeTarget section */

/* Begin PBXProject section */
		2BEB3BD12A736E5D006D0E27 /* Project object */ = {
			isa = PBXProject;
			attributes = {
				BuildIndependentTargetsInParallel = 1;
				LastSwiftUpdateCheck = 1500;
				LastUpgradeCheck = 1500;
				TargetAttributes = {
					2BEB3BD82A736E5D006D0E27 = {
						CreatedOnToolsVersion = 15.0;
					};
				};
			};
			buildConfigurationList = 2BEB3BD42A736E5D006D0E27 /* Build configuration list for PBXProject "Landmarks" */;
			compatibilityVersion = "Xcode 14.0";
			developmentRegion = en;
			hasScannedForEncodings = 0;
			knownRegions = (
				en,
				Base,
			);
			mainGroup = 2BEB3BD02A736E5D006D0E27;
			productRefGroup = 2BEB3BDA2A736E5D006D0E27 /* Products */;
			projectDirPath = "";
			projectRoot = "";
			targets = (
				2BEB3BD82A736E5D006D0E27 /* Landmarks */,
			);
		};
/* End PBXProject section */

/* Begin PBXResourcesBuildPhase section */
		2BEB3BD72A736E5D006D0E27 /* Resources */ = {
			isa = PBXResourcesBuildPhase;
			buildActionMask = 2147483647;
			files = (
				2BEB3BE42A736E5E006D0E27 /* Preview Assets.xcassets in Resources */,
				2BEB3BE12A736E5E006D0E27 /* Assets.xcassets in Resources */,
				2BEB3BEF2A7718B4006D0E27 /* landmarkData.json in Resources */,
			);
			runOnlyForDeploymentPostprocessing = 0;
		};
/* End PBXResourcesBuildPhase section */

/* Begin PBXSourcesBuildPhase section */
		2BEB3BD52A736E5D006D0E27 /* Sources */ = {
			isa = PBXSourcesBuildPhase;
			buildActionMask = 2147483647;
			files = (
				2BEB3BDF2A736E5D006D0E27 /* ContentView.swift in Sources */,
				2BEB3BED2A754C4D006D0E27 /* MapView.swift in Sources */,
				2BEB3BDD2A736E5D006D0E27 /* LandmarksApp.swift in Sources */,
				2BEB3BFE2A798681006D0E27 /* FavoriteButton.swift in Sources */,
				2BEB3C022A798A83006D0E27 /* HexagonParameters.swift in Sources */,
				2BEB3C082A79D2DB006D0E27 /* RotatedBadgeSymbol.swift in Sources */,
				2BEB3C062A79CFD3006D0E27 /* BadgeSymbol.swift in Sources */,
				2BEB3BFA2A782BFD006D0E27 /* LandmarkList.swift in Sources */,
				2BEB3BFC2A782F87006D0E27 /* LandmarkDetail.swift in Sources */,
				2BEB3C042A798D53006D0E27 /* BadgeBackground.swift in Sources */,
				2BEB3BEB2A752835006D0E27 /* CircleImage.swift in Sources */,
				2BEB3BF12A7718F1006D0E27 /* Landmark.swift in Sources */,
				2BEB3BF82A775570006D0E27 /* LandmarkRow.swift in Sources */,
				2BEB3BF32A771A61006D0E27 /* ModelData.swift in Sources */,
			);
			runOnlyForDeploymentPostprocessing = 0;
		};
/* End PBXSourcesBuildPhase section */

/* Begin XCBuildConfiguration section */
		2BEB3BE52A736E5E006D0E27 /* Debug */ = {
			isa = XCBuildConfiguration;
			buildSettings = {
				ALWAYS_SEARCH_USER_PATHS = NO;
				ASSETCATALOG_COMPILER_GENERATE_SWIFT_ASSET_SYMBOL_EXTENSIONS = YES;
				CLANG_ANALYZER_NONNULL = YES;
				CLANG_ANALYZER_NUMBER_OBJECT_CONVERSION = YES_AGGRESSIVE;
				CLANG_CXX_LANGUAGE_STANDARD = "gnu++20";
				CLANG_ENABLE_MODULES = YES;
				CLANG_ENABLE_OBJC_ARC = YES;
				CLANG_ENABLE_OBJC_WEAK = YES;
				CLANG_WARN_BLOCK_CAPTURE_AUTORELEASING = YES;
				CLANG_WARN_BOOL_CONVERSION = YES;
				CLANG_WARN_COMMA = YES;
				CLANG_WARN_CONSTANT_CONVERSION = YES;
				CLANG_WARN_DEPRECATED_OBJC_IMPLEMENTATIONS = YES;
				CLANG_WARN_DIRECT_OBJC_ISA_USAGE = YES_ERROR;
				CLANG_WARN_DOCUMENTATION_COMMENTS = YES;
				CLANG_WARN_EMPTY_BODY = YES;
				CLANG_WARN_ENUM_CONVERSION = YES;
				CLANG_WARN_INFINITE_RECURSION = YES;
				CLANG_WARN_INT_CONVERSION = YES;
				CLANG_WARN_NON_LITERAL_NULL_CONVERSION = YES;
				CLANG_WARN_OBJC_IMPLICIT_RETAIN_SELF = YES;
				CLANG_WARN_OBJC_LITERAL_CONVERSION = YES;
				CLANG_WARN_OBJC_ROOT_CLASS = YES_ERROR;
				CLANG_WARN_QUOTED_INCLUDE_IN_FRAMEWORK_HEADER = YES;
				CLANG_WARN_RANGE_LOOP_ANALYSIS = YES;
				CLANG_WARN_STRICT_PROTOTYPES = YES;
				CLANG_WARN_SUSPICIOUS_MOVE = YES;
				CLANG_WARN_UNGUARDED_AVAILABILITY = YES_AGGRESSIVE;
				CLANG_WARN_UNREACHABLE_CODE = YES;
				CLANG_WARN__DUPLICATE_METHOD_MATCH = YES;
				COPY_PHASE_STRIP = NO;
				DEBUG_INFORMATION_FORMAT = dwarf;
				ENABLE_STRICT_OBJC_MSGSEND = YES;
				ENABLE_TESTABILITY = YES;
				ENABLE_USER_SCRIPT_SANDBOXING = YES;
				GCC_C_LANGUAGE_STANDARD = gnu17;
				GCC_DYNAMIC_NO_PIC = NO;
				GCC_NO_COMMON_BLOCKS = YES;
				GCC_OPTIMIZATION_LEVEL = 0;
				GCC_PREPROCESSOR_DEFINITIONS = (
					"DEBUG=1",
					"$(inherited)",
				);
				GCC_WARN_64_TO_32_BIT_CONVERSION = YES;
				GCC_WARN_ABOUT_RETURN_TYPE = YES_ERROR;
				GCC_WARN_UNDECLARED_SELECTOR = YES;
				GCC_WARN_UNINITIALIZED_AUTOS = YES_AGGRESSIVE;
				GCC_WARN_UNUSED_FUNCTION = YES;
				GCC_WARN_UNUSED_VARIABLE = YES;
				IPHONEOS_DEPLOYMENT_TARGET = 17.0;
				LOCALIZATION_PREFERS_STRING_CATALOGS = YES;
				MTL_ENABLE_DEBUG_INFO = INCLUDE_SOURCE;
				MTL_FAST_MATH = YES;
				ONLY_ACTIVE_ARCH = YES;
				SDKROOT = iphoneos;
				SWIFT_ACTIVE_COMPILATION_CONDITIONS = "DEBUG $(inherited)";
				SWIFT_OPTIMIZATION_LEVEL = "-Onone";
			};
			name = Debug;
		};
		2BEB3BE62A736E5E006D0E27 /* Release */ = {
			isa = XCBuildConfiguration;
			buildSettings = {
				ALWAYS_SEARCH_USER_PATHS = NO;
				ASSETCATALOG_COMPILER_GENERATE_SWIFT_ASSET_SYMBOL_EXTENSIONS = YES;
				CLANG_ANALYZER_NONNULL = YES;
				CLANG_ANALYZER_NUMBER_OBJECT_CONVERSION = YES_AGGRESSIVE;
				CLANG_CXX_LANGUAGE_STANDARD = "gnu++20";
				CLANG_ENABLE_MODULES = YES;
				CLANG_ENABLE_OBJC_ARC = YES;
				CLANG_ENABLE_OBJC_WEAK = YES;
				CLANG_WARN_BLOCK_CAPTURE_AUTORELEASING = YES;
				CLANG_WARN_BOOL_CONVERSION = YES;
				CLANG_WARN_COMMA = YES;
				CLANG_WARN_CONSTANT_CONVERSION = YES;
				CLANG_WARN_DEPRECATED_OBJC_IMPLEMENTATIONS = YES;
				CLANG_WARN_DIRECT_OBJC_ISA_USAGE = YES_ERROR;
				CLANG_WARN_DOCUMENTATION_COMMENTS = YES;
				CLANG_WARN_EMPTY_BODY = YES;
				CLANG_WARN_ENUM_CONVERSION = YES;
				CLANG_WARN_INFINITE_RECURSION = YES;
				CLANG_WARN_INT_CONVERSION = YES;
				CLANG_WARN_NON_LITERAL_NULL_CONVERSION = YES;
				CLANG_WARN_OBJC_IMPLICIT_RETAIN_SELF = YES;
				CLANG_WARN_OBJC_LITERAL_CONVERSION = YES;
				CLANG_WARN_OBJC_ROOT_CLASS = YES_ERROR;
				CLANG_WARN_QUOTED_INCLUDE_IN_FRAMEWORK_HEADER = YES;
				CLANG_WARN_RANGE_LOOP_ANALYSIS = YES;
				CLANG_WARN_STRICT_PROTOTYPES = YES;
				CLANG_WARN_SUSPICIOUS_MOVE = YES;
				CLANG_WARN_UNGUARDED_AVAILABILITY = YES_AGGRESSIVE;
				CLANG_WARN_UNREACHABLE_CODE = YES;
				CLANG_WARN__DUPLICATE_METHOD_MATCH = YES;
				COPY_PHASE_STRIP = NO;
				DEBUG_INFORMATION_FORMAT = "dwarf-with-dsym";
				ENABLE_NS_ASSERTIONS = NO;
				ENABLE_STRICT_OBJC_MSGSEND = YES;
				ENABLE_USER_SCRIPT_SANDBOXING = YES;
				GCC_C_LANGUAGE_STANDARD = gnu17;
				GCC_NO_COMMON_BLOCKS = YES;
				GCC_WARN_64_TO_32_BIT_CONVERSION = YES;
				GCC_WARN_ABOUT_RETURN_TYPE = YES_ERROR;
				GCC_WARN_UNDECLARED_SELECTOR = YES;
				GCC_WARN_UNINITIALIZED_AUTOS = YES_AGGRESSIVE;
				GCC_WARN_UNUSED_FUNCTION = YES;
				GCC_WARN_UNUSED_VARIABLE = YES;
				IPHONEOS_DEPLOYMENT_TARGET = 17.0;
				LOCALIZATION_PREFERS_STRING_CATALOGS = YES;
				MTL_ENABLE_DEBUG_INFO = NO;
				MTL_FAST_MATH = YES;
				SDKROOT = iphoneos;
				SWIFT_COMPILATION_MODE = wholemodule;
				VALIDATE_PRODUCT = YES;
			};
			name = Release;
		};
		2BEB3BE82A736E5E006D0E27 /* Debug */ = {
			isa = XCBuildConfiguration;
			buildSettings = {
				ASSETCATALOG_COMPILER_APPICON_NAME = AppIcon;
				ASSETCATALOG_COMPILER_GLOBAL_ACCENT_COLOR_NAME = AccentColor;
				CODE_SIGN_STYLE = Automatic;
				CURRENT_PROJECT_VERSION = 1;
				DEVELOPMENT_ASSET_PATHS = "\"Landmarks/Preview Content\"";
				DEVELOPMENT_TEAM = UV2PAA368V;
				ENABLE_PREVIEWS = YES;
				GENERATE_INFOPLIST_FILE = YES;
				INFOPLIST_KEY_UIApplicationSceneManifest_Generation = YES;
				INFOPLIST_KEY_UIApplicationSupportsIndirectInputEvents = YES;
				INFOPLIST_KEY_UILaunchScreen_Generation = YES;
				INFOPLIST_KEY_UISupportedInterfaceOrientations_iPad = "UIInterfaceOrientationPortrait UIInterfaceOrientationPortraitUpsideDown UIInterfaceOrientationLandscapeLeft UIInterfaceOrientationLandscapeRight";
				INFOPLIST_KEY_UISupportedInterfaceOrientations_iPhone = "UIInterfaceOrientationPortrait UIInterfaceOrientationLandscapeLeft UIInterfaceOrientationLandscapeRight";
				LD_RUNPATH_SEARCH_PATHS = (
					"$(inherited)",
					"@executable_path/Frameworks",
				);
				MARKETING_VERSION = 1.0;
				PRODUCT_BUNDLE_IDENTIFIER = com.yuhwang.42Seoul.Landmarks;
				PRODUCT_NAME = "$(TARGET_NAME)";
				SWIFT_EMIT_LOC_STRINGS = YES;
				SWIFT_VERSION = 5.0;
				TARGETED_DEVICE_FAMILY = "1,2";
			};
			name = Debug;
		};
		2BEB3BE92A736E5E006D0E27 /* Release */ = {
			isa = XCBuildConfiguration;
			buildSettings = {
				ASSETCATALOG_COMPILER_APPICON_NAME = AppIcon;
				ASSETCATALOG_COMPILER_GLOBAL_ACCENT_COLOR_NAME = AccentColor;
				CODE_SIGN_STYLE = Automatic;
				CURRENT_PROJECT_VERSION = 1;
				DEVELOPMENT_ASSET_PATHS = "\"Landmarks/Preview Content\"";
				DEVELOPMENT_TEAM = UV2PAA368V;
				ENABLE_PREVIEWS = YES;
				GENERATE_INFOPLIST_FILE = YES;
				INFOPLIST_KEY_UIApplicationSceneManifest_Generation = YES;
				INFOPLIST_KEY_UIApplicationSupportsIndirectInputEvents = YES;
				INFOPLIST_KEY_UILaunchScreen_Generation = YES;
				INFOPLIST_KEY_UISupportedInterfaceOrientations_iPad = "UIInterfaceOrientationPortrait UIInterfaceOrientationPortraitUpsideDown UIInterfaceOrientationLandscapeLeft UIInterfaceOrientationLandscapeRight";
				INFOPLIST_KEY_UISupportedInterfaceOrientations_iPhone = "UIInterfaceOrientationPortrait UIInterfaceOrientationLandscapeLeft UIInterfaceOrientationLandscapeRight";
				LD_RUNPATH_SEARCH_PATHS = (
					"$(inherited)",
					"@executable_path/Frameworks",
				);
				MARKETING_VERSION = 1.0;
				PRODUCT_BUNDLE_IDENTIFIER = com.yuhwang.42Seoul.Landmarks;
				PRODUCT_NAME = "$(TARGET_NAME)";
				SWIFT_EMIT_LOC_STRINGS = YES;
				SWIFT_VERSION = 5.0;
				TARGETED_DEVICE_FAMILY = "1,2";
			};
			name = Release;
		};
/* End XCBuildConfiguration section */

/* Begin XCConfigurationList section */
		2BEB3BD42A736E5D006D0E27 /* Build configuration list for PBXProject "Landmarks" */ = {
			isa = XCConfigurationList;
			buildConfigurations = (
				2BEB3BE52A736E5E006D0E27 /* Debug */,
				2BEB3BE62A736E5E006D0E27 /* Release */,
			);
			defaultConfigurationIsVisible = 0;
			defaultConfigurationName = Release;
		};
		2BEB3BE72A736E5E006D0E27 /* Build configuration list for PBXNativeTarget "Landmarks" */ = {
			isa = XCConfigurationList;
			buildConfigurations = (
				2BEB3BE82A736E5E006D0E27 /* Debug */,
				2BEB3BE92A736E5E006D0E27 /* Release */,
			);
			defaultConfigurationIsVisible = 0;
			defaultConfigurationName = Release;
		};
/* End XCConfigurationList section */
	};
	rootObject = 2BEB3BD12A736E5D006D0E27 /* Project object */;
}
